
Microsoft Visual Studio Solution File, Format Version 12.00
# Visual Studio Version 16
VisualStudioVersion = 16.0.32802.440
MinimumVisualStudioVersion = 10.0.40219.1
Project("{FAE04EC0-301F-11D3-BF4B-00C04F79EFBC}") = "MediatorPatternUsingObserverPattern", "MediatorPatternUsingObserverPattern\MediatorPatternUsingObserverPattern.csproj", "{09972E51-5889-4430-ADA0-33B67C36352F}"
EndProject
Global
	GlobalSection(SolutionConfigurationPlatforms) = preSolution
		Debug|Any CPU = Debug|Any CPU
		Release|Any CPU = Release|Any CPU
	EndGlobalSection
	GlobalSection(ProjectConfigurationPlatforms) = postSolution
		{09972E51-5889-4430-ADA0-33B67C36352F}.Debug|Any CPU.ActiveCfg = Debug|Any CPU
		{09972E51-5889-4430-ADA0-33B67C36352F}.Debug|Any CPU.Build.0 = Debug|Any CPU
		{09972E51-5889-4430-ADA0-33B67C36352F}.Release|Any CPU.ActiveCfg = Release|Any CPU
		{09972E51-5889-4430-ADA0-33B67C36352F}.Release|Any CPU.Build.0 = Release|Any CPU
	EndGlobalSection
	GlobalSection(SolutionProperties) = preSolution
		HideSolutionNode = FALSE
	EndGlobalSection
	GlobalSection(ExtensibilityGlobals) = postSolution
		SolutionGuid = {EB19A1A7-05CF-48C8-8F6C-01C7F71745A3}
	EndGlobalSection
EndGlobal
