
Microsoft Visual Studio Solution File, Format Version 12.00
# Visual Studio Version 16
VisualStudioVersion = 16.0.32802.440
MinimumVisualStudioVersion = 10.0.40219.1
Project("{FAE04EC0-301F-11D3-BF4B-00C04F79EFBC}") = "CommandDesignPattern", "CommandDesignPattern\CommandDesignPattern.csproj", "{83C3F359-F43C-48FE-9656-D7802BBF1BAB}"
EndProject
Global
	GlobalSection(SolutionConfigurationPlatforms) = preSolution
		Debug|Any CPU = Debug|Any CPU
		Release|Any CPU = Release|Any CPU
	EndGlobalSection
	GlobalSection(ProjectConfigurationPlatforms) = postSolution
		{83C3F359-F43C-48FE-9656-D7802BBF1BAB}.Debug|Any CPU.ActiveCfg = Debug|Any CPU
		{83C3F359-F43C-48FE-9656-D7802BBF1BAB}.Debug|Any CPU.Build.0 = Debug|Any CPU
		{83C3F359-F43C-48FE-9656-D7802BBF1BAB}.Release|Any CPU.ActiveCfg = Release|Any CPU
		{83C3F359-F43C-48FE-9656-D7802BBF1BAB}.Release|Any CPU.Build.0 = Release|Any CPU
	EndGlobalSection
	GlobalSection(SolutionProperties) = preSolution
		HideSolutionNode = FALSE
	EndGlobalSection
	GlobalSection(ExtensibilityGlobals) = postSolution
		SolutionGuid = {E73EF8B9-01C2-4C17-84FF-59CFD2EBB7E9}
	EndGlobalSection
EndGlobal
