
Microsoft Visual Studio Solution File, Format Version 12.00
# Visual Studio Version 16
VisualStudioVersion = 16.0.32802.440
MinimumVisualStudioVersion = 10.0.40219.1
Project("{FAE04EC0-301F-11D3-BF4B-00C04F79EFBC}") = "Repository+UnitOfWork Pattern", "Repository + UnitOfWork Pattern\Repository+UnitOfWork Pattern.csproj", "{278B27FC-E59B-4B5E-A9F5-54ECCAEABDB2}"
EndProject
Global
	GlobalSection(SolutionConfigurationPlatforms) = preSolution
		Debug|Any CPU = Debug|Any CPU
		Release|Any CPU = Release|Any CPU
	EndGlobalSection
	GlobalSection(ProjectConfigurationPlatforms) = postSolution
		{278B27FC-E59B-4B5E-A9F5-54ECCAEABDB2}.Debug|Any CPU.ActiveCfg = Debug|Any CPU
		{278B27FC-E59B-4B5E-A9F5-54ECCAEABDB2}.Debug|Any CPU.Build.0 = Debug|Any CPU
		{278B27FC-E59B-4B5E-A9F5-54ECCAEABDB2}.Release|Any CPU.ActiveCfg = Release|Any CPU
		{278B27FC-E59B-4B5E-A9F5-54ECCAEABDB2}.Release|Any CPU.Build.0 = Release|Any CPU
	EndGlobalSection
	GlobalSection(SolutionProperties) = preSolution
		HideSolutionNode = FALSE
	EndGlobalSection
	GlobalSection(ExtensibilityGlobals) = postSolution
		SolutionGuid = {E33499FB-E928-4A51-B30B-5327EB282511}
	EndGlobalSection
EndGlobal
