
Microsoft Visual Studio Solution File, Format Version 12.00
# Visual Studio Version 16
VisualStudioVersion = 16.0.32802.440
MinimumVisualStudioVersion = 10.0.40219.1
Project("{FAE04EC0-301F-11D3-BF4B-00C04F79EFBC}") = "DecoratorDesignPattern", "DecoratorDesignPattern\DecoratorDesignPattern.csproj", "{C88E6438-22FA-4FF9-8B4F-6B7506CFB32C}"
EndProject
Global
	GlobalSection(SolutionConfigurationPlatforms) = preSolution
		Debug|Any CPU = Debug|Any CPU
		Release|Any CPU = Release|Any CPU
	EndGlobalSection
	GlobalSection(ProjectConfigurationPlatforms) = postSolution
		{C88E6438-22FA-4FF9-8B4F-6B7506CFB32C}.Debug|Any CPU.ActiveCfg = Debug|Any CPU
		{C88E6438-22FA-4FF9-8B4F-6B7506CFB32C}.Debug|Any CPU.Build.0 = Debug|Any CPU
		{C88E6438-22FA-4FF9-8B4F-6B7506CFB32C}.Release|Any CPU.ActiveCfg = Release|Any CPU
		{C88E6438-22FA-4FF9-8B4F-6B7506CFB32C}.Release|Any CPU.Build.0 = Release|Any CPU
	EndGlobalSection
	GlobalSection(SolutionProperties) = preSolution
		HideSolutionNode = FALSE
	EndGlobalSection
	GlobalSection(ExtensibilityGlobals) = postSolution
		SolutionGuid = {1A178BD0-796A-45F2-9031-56C110A8FCEF}
	EndGlobalSection
EndGlobal
